// !$*UTF8*$!
{
	archiveVersion = 1;
	classes = {
	};
	objectVersion = 56;
	objects = {

/* Begin PBXBuildFile section */
		3664740C2B20FA7300DBB365 /* Renderer.swift in Sources */ = {isa = PBXBuildFile; fileRef = 3664740B2B20FA7300DBB365 /* Renderer.swift */; };
		36CAD88B2B224DB8002BE9EA /* RealityKit+Extensions.swift in Sources */ = {isa = PBXBuildFile; fileRef = 36CAD88A2B224DB8002BE9EA /* RealityKit+Extensions.swift */; };
		36CAD88D2B23B95F002BE9EA /* GpuRenderer.swift in Sources */ = {isa = PBXBuildFile; fileRef = 36CAD88C2B23B95F002BE9EA /* GpuRenderer.swift */; };
		36CAD88F2B23BA4C002BE9EA /* Shaders.metal in Sources */ = {isa = PBXBuildFile; fileRef = 36CAD88E2B23BA4C002BE9EA /* Shaders.metal */; };
		36F9187A2B10EA23000C3F36 /* App.swift in Sources */ = {isa = PBXBuildFile; fileRef = 36F918792B10EA23000C3F36 /* App.swift */; };
		36F9187E2B10EA24000C3F36 /* Assets.xcassets in Resources */ = {isa = PBXBuildFile; fileRef = 36F9187D2B10EA24000C3F36 /* Assets.xcassets */; };
		36F918812B10EA24000C3F36 /* Preview Assets.xcassets in Resources */ = {isa = PBXBuildFile; fileRef = 36F918802B10EA24000C3F36 /* Preview Assets.xcassets */; };
		36F918882B10EAB1000C3F36 /* Metal+Extensions.swift in Sources */ = {isa = PBXBuildFile; fileRef = 36F918872B10EAB1000C3F36 /* Metal+Extensions.swift */; };
/* End PBXBuildFile section */

/* Begin PBXFileReference section */
		3664740B2B20FA7300DBB365 /* Renderer.swift */ = {isa = PBXFileReference; fileEncoding = 4; lastKnownFileType = sourcecode.swift; path = Renderer.swift; sourceTree = "<group>"; };
		36CAD88A2B224DB8002BE9EA /* RealityKit+Extensions.swift */ = {isa = PBXFileReference; lastKnownFileType = sourcecode.swift; path = "RealityKit+Extensions.swift"; sourceTree = "<group>"; };
		36CAD88C2B23B95F002BE9EA /* GpuRenderer.swift */ = {isa = PBXFileReference; lastKnownFileType = sourcecode.swift; path = GpuRenderer.swift; sourceTree = "<group>"; };
		36CAD88E2B23BA4C002BE9EA /* Shaders.metal */ = {isa = PBXFileReference; lastKnownFileType = sourcecode.metal; path = Shaders.metal; sourceTree = "<group>"; };
		36F918762B10EA23000C3F36 /* renderer.app */ = {isa = PBXFileReference; explicitFileType = wrapper.application; includeInIndex = 0; path = renderer.app; sourceTree = BUILT_PRODUCTS_DIR; };
		36F918792B10EA23000C3F36 /* App.swift */ = {isa = PBXFileReference; lastKnownFileType = sourcecode.swift; path = App.swift; sourceTree = "<group>"; };
		36F9187D2B10EA24000C3F36 /* Assets.xcassets */ = {isa = PBXFileReference; lastKnownFileType = folder.assetcatalog; path = Assets.xcassets; sourceTree = "<group>"; };
		36F918802B10EA24000C3F36 /* Preview Assets.xcassets */ = {isa = PBXFileReference; lastKnownFileType = folder.assetcatalog; path = "Preview Assets.xcassets"; sourceTree = "<group>"; };
		36F918872B10EAB1000C3F36 /* Metal+Extensions.swift */ = {isa = PBXFileReference; fileEncoding = 4; lastKnownFileType = sourcecode.swift; path = "Metal+Extensions.swift"; sourceTree = "<group>"; };
		36F918892B10EB62000C3F36 /* renderer.entitlements */ = {isa = PBXFileReference; lastKnownFileType = text.plist.entitlements; path = renderer.entitlements; sourceTree = "<group>"; };
/* End PBXFileReference section */

/* Begin PBXFrameworksBuildPhase section */
		36F918732B10EA23000C3F36 /* Frameworks */ = {
			isa = PBXFrameworksBuildPhase;
			buildActionMask = 2147483647;
			files = (
			);
			runOnlyForDeploymentPostprocessing = 0;
		};
/* End PBXFrameworksBuildPhase section */

/* Begin PBXGroup section */
		36F9186D2B10EA23000C3F36 = {
			isa = PBXGroup;
			children = (
				36F918782B10EA23000C3F36 /* renderer */,
				36F918772B10EA23000C3F36 /* Products */,
			);
			sourceTree = "<group>";
		};
		36F918772B10EA23000C3F36 /* Products */ = {
			isa = PBXGroup;
			children = (
				36F918762B10EA23000C3F36 /* renderer.app */,
			);
			name = Products;
			sourceTree = "<group>";
		};
		36F918782B10EA23000C3F36 /* renderer */ = {
			isa = PBXGroup;
			children = (
				36F918892B10EB62000C3F36 /* renderer.entitlements */,
				36F918872B10EAB1000C3F36 /* Metal+Extensions.swift */,
				3664740B2B20FA7300DBB365 /* Renderer.swift */,
				36F918792B10EA23000C3F36 /* App.swift */,
				36F9187D2B10EA24000C3F36 /* Assets.xcassets */,
				36F9187F2B10EA24000C3F36 /* Preview Content */,
				36CAD88A2B224DB8002BE9EA /* RealityKit+Extensions.swift */,
				36CAD88C2B23B95F002BE9EA /* GpuRenderer.swift */,
				36CAD88E2B23BA4C002BE9EA /* Shaders.metal */,
			);
			path = renderer;
			sourceTree = "<group>";
		};
		36F9187F2B10EA24000C3F36 /* Preview Content */ = {
			isa = PBXGroup;
			children = (
				36F918802B10EA24000C3F36 /* Preview Assets.xcassets */,
			);
			path = "Preview Content";
			sourceTree = "<group>";
		};
/* End PBXGroup section */

/* Begin PBXNativeTarget section */
		36F918752B10EA23000C3F36 /* renderer */ = {
			isa = PBXNativeTarget;
			buildConfigurationList = 36F918842B10EA24000C3F36 /* Build configuration list for PBXNativeTarget "renderer" */;
			buildPhases = (
				36F918722B10EA23000C3F36 /* Sources */,
				36F918732B10EA23000C3F36 /* Frameworks */,
				36F918742B10EA23000C3F36 /* Resources */,
			);
			buildRules = (
			);
			dependencies = (
			);
			name = renderer;
			productName = renderer;
			productReference = 36F918762B10EA23000C3F36 /* renderer.app */;
			productType = "com.apple.product-type.application";
		};
/* End PBXNativeTarget section */

/* Begin PBXProject section */
		36F9186E2B10EA23000C3F36 /* Project object */ = {
			isa = PBXProject;
			attributes = {
				BuildIndependentTargetsInParallel = 1;
				LastSwiftUpdateCheck = 1500;
				LastUpgradeCheck = 1500;
				TargetAttributes = {
					36F918752B10EA23000C3F36 = {
						CreatedOnToolsVersion = 15.0.1;
					};
				};
			};
			buildConfigurationList = 36F918712B10EA23000C3F36 /* Build configuration list for PBXProject "renderer" */;
			compatibilityVersion = "Xcode 14.0";
			developmentRegion = en;
			hasScannedForEncodings = 0;
			knownRegions = (
				en,
				Base,
			);
			mainGroup = 36F9186D2B10EA23000C3F36;
			productRefGroup = 36F918772B10EA23000C3F36 /* Products */;
			projectDirPath = "";
			projectRoot = "";
			targets = (
				36F918752B10EA23000C3F36 /* renderer */,
			);
		};
/* End PBXProject section */

/* Begin PBXResourcesBuildPhase section */
		36F918742B10EA23000C3F36 /* Resources */ = {
			isa = PBXResourcesBuildPhase;
			buildActionMask = 2147483647;
			files = (
				36F918812B10EA24000C3F36 /* Preview Assets.xcassets in Resources */,
				36F9187E2B10EA24000C3F36 /* Assets.xcassets in Resources */,
			);
			runOnlyForDeploymentPostprocessing = 0;
		};
/* End PBXResourcesBuildPhase section */

/* Begin PBXSourcesBuildPhase section */
		36F918722B10EA23000C3F36 /* Sources */ = {
			isa = PBXSourcesBuildPhase;
			buildActionMask = 2147483647;
			files = (
				36CAD88F2B23BA4C002BE9EA /* Shaders.metal in Sources */,
				36F918882B10EAB1000C3F36 /* Metal+Extensions.swift in Sources */,
				3664740C2B20FA7300DBB365 /* Renderer.swift in Sources */,
				36F9187A2B10EA23000C3F36 /* App.swift in Sources */,
				36CAD88D2B23B95F002BE9EA /* GpuRenderer.swift in Sources */,
				36CAD88B2B224DB8002BE9EA /* RealityKit+Extensions.swift in Sources */,
			);
			runOnlyForDeploymentPostprocessing = 0;
		};
/* End PBXSourcesBuildPhase section */

/* Begin XCBuildConfiguration section */
		36F918822B10EA24000C3F36 /* Debug */ = {
			isa = XCBuildConfiguration;
			buildSettings = {
				ALWAYS_SEARCH_USER_PATHS = NO;
				ASSETCATALOG_COMPILER_GENERATE_SWIFT_ASSET_SYMBOL_EXTENSIONS = YES;
				CLANG_ANALYZER_NONNULL = YES;
				CLANG_ANALYZER_NUMBER_OBJECT_CONVERSION = YES_AGGRESSIVE;
				CLANG_CXX_LANGUAGE_STANDARD = "gnu++20";
				CLANG_ENABLE_MODULES = YES;
				CLANG_ENABLE_OBJC_ARC = YES;
				CLANG_ENABLE_OBJC_WEAK = YES;
				CLANG_WARN_BLOCK_CAPTURE_AUTORELEASING = YES;
				CLANG_WARN_BOOL_CONVERSION = YES;
				CLANG_WARN_COMMA = YES;
				CLANG_WARN_CONSTANT_CONVERSION = YES;
				CLANG_WARN_DEPRECATED_OBJC_IMPLEMENTATIONS = YES;
				CLANG_WARN_DIRECT_OBJC_ISA_USAGE = YES_ERROR;
				CLANG_WARN_DOCUMENTATION_COMMENTS = YES;
				CLANG_WARN_EMPTY_BODY = YES;
				CLANG_WARN_ENUM_CONVERSION = YES;
				CLANG_WARN_INFINITE_RECURSION = YES;
				CLANG_WARN_INT_CONVERSION = YES;
				CLANG_WARN_NON_LITERAL_NULL_CONVERSION = YES;
				CLANG_WARN_OBJC_IMPLICIT_RETAIN_SELF = YES;
				CLANG_WARN_OBJC_LITERAL_CONVERSION = YES;
				CLANG_WARN_OBJC_ROOT_CLASS = YES_ERROR;
				CLANG_WARN_QUOTED_INCLUDE_IN_FRAMEWORK_HEADER = YES;
				CLANG_WARN_RANGE_LOOP_ANALYSIS = YES;
				CLANG_WARN_STRICT_PROTOTYPES = YES;
				CLANG_WARN_SUSPICIOUS_MOVE = YES;
				CLANG_WARN_UNGUARDED_AVAILABILITY = YES_AGGRESSIVE;
				CLANG_WARN_UNREACHABLE_CODE = YES;
				CLANG_WARN__DUPLICATE_METHOD_MATCH = YES;
				COPY_PHASE_STRIP = NO;
				DEBUG_INFORMATION_FORMAT = dwarf;
				ENABLE_STRICT_OBJC_MSGSEND = YES;
				ENABLE_TESTABILITY = YES;
				ENABLE_USER_SCRIPT_SANDBOXING = YES;
				GCC_C_LANGUAGE_STANDARD = gnu17;
				GCC_DYNAMIC_NO_PIC = NO;
				GCC_NO_COMMON_BLOCKS = YES;
				GCC_OPTIMIZATION_LEVEL = 0;
				GCC_PREPROCESSOR_DEFINITIONS = (
					"DEBUG=1",
					"$(inherited)",
				);
				GCC_WARN_64_TO_32_BIT_CONVERSION = YES;
				GCC_WARN_ABOUT_RETURN_TYPE = YES_ERROR;
				GCC_WARN_UNDECLARED_SELECTOR = YES;
				GCC_WARN_UNINITIALIZED_AUTOS = YES_AGGRESSIVE;
				GCC_WARN_UNUSED_FUNCTION = YES;
				GCC_WARN_UNUSED_VARIABLE = YES;
				IPHONEOS_DEPLOYMENT_TARGET = 17.0;
				LOCALIZATION_PREFERS_STRING_CATALOGS = YES;
				MTL_ENABLE_DEBUG_INFO = INCLUDE_SOURCE;
				MTL_FAST_MATH = YES;
				ONLY_ACTIVE_ARCH = YES;
				SDKROOT = iphoneos;
				SWIFT_ACTIVE_COMPILATION_CONDITIONS = "DEBUG $(inherited)";
				SWIFT_OPTIMIZATION_LEVEL = "-Onone";
			};
			name = Debug;
		};
		36F918832B10EA24000C3F36 /* Release */ = {
			isa = XCBuildConfiguration;
			buildSettings = {
				ALWAYS_SEARCH_USER_PATHS = NO;
				ASSETCATALOG_COMPILER_GENERATE_SWIFT_ASSET_SYMBOL_EXTENSIONS = YES;
				CLANG_ANALYZER_NONNULL = YES;
				CLANG_ANALYZER_NUMBER_OBJECT_CONVERSION = YES_AGGRESSIVE;
				CLANG_CXX_LANGUAGE_STANDARD = "gnu++20";
				CLANG_ENABLE_MODULES = YES;
				CLANG_ENABLE_OBJC_ARC = YES;
				CLANG_ENABLE_OBJC_WEAK = YES;
				CLANG_WARN_BLOCK_CAPTURE_AUTORELEASING = YES;
				CLANG_WARN_BOOL_CONVERSION = YES;
				CLANG_WARN_COMMA = YES;
				CLANG_WARN_CONSTANT_CONVERSION = YES;
				CLANG_WARN_DEPRECATED_OBJC_IMPLEMENTATIONS = YES;
				CLANG_WARN_DIRECT_OBJC_ISA_USAGE = YES_ERROR;
				CLANG_WARN_DOCUMENTATION_COMMENTS = YES;
				CLANG_WARN_EMPTY_BODY = YES;
				CLANG_WARN_ENUM_CONVERSION = YES;
				CLANG_WARN_INFINITE_RECURSION = YES;
				CLANG_WARN_INT_CONVERSION = YES;
				CLANG_WARN_NON_LITERAL_NULL_CONVERSION = YES;
				CLANG_WARN_OBJC_IMPLICIT_RETAIN_SELF = YES;
				CLANG_WARN_OBJC_LITERAL_CONVERSION = YES;
				CLANG_WARN_OBJC_ROOT_CLASS = YES_ERROR;
				CLANG_WARN_QUOTED_INCLUDE_IN_FRAMEWORK_HEADER = YES;
				CLANG_WARN_RANGE_LOOP_ANALYSIS = YES;
				CLANG_WARN_STRICT_PROTOTYPES = YES;
				CLANG_WARN_SUSPICIOUS_MOVE = YES;
				CLANG_WARN_UNGUARDED_AVAILABILITY = YES_AGGRESSIVE;
				CLANG_WARN_UNREACHABLE_CODE = YES;
				CLANG_WARN__DUPLICATE_METHOD_MATCH = YES;
				COPY_PHASE_STRIP = NO;
				DEBUG_INFORMATION_FORMAT = "dwarf-with-dsym";
				ENABLE_NS_ASSERTIONS = NO;
				ENABLE_STRICT_OBJC_MSGSEND = YES;
				ENABLE_USER_SCRIPT_SANDBOXING = YES;
				GCC_C_LANGUAGE_STANDARD = gnu17;
				GCC_NO_COMMON_BLOCKS = YES;
				GCC_WARN_64_TO_32_BIT_CONVERSION = YES;
				GCC_WARN_ABOUT_RETURN_TYPE = YES_ERROR;
				GCC_WARN_UNDECLARED_SELECTOR = YES;
				GCC_WARN_UNINITIALIZED_AUTOS = YES_AGGRESSIVE;
				GCC_WARN_UNUSED_FUNCTION = YES;
				GCC_WARN_UNUSED_VARIABLE = YES;
				IPHONEOS_DEPLOYMENT_TARGET = 17.0;
				LOCALIZATION_PREFERS_STRING_CATALOGS = YES;
				MTL_ENABLE_DEBUG_INFO = NO;
				MTL_FAST_MATH = YES;
				SDKROOT = iphoneos;
				SWIFT_COMPILATION_MODE = wholemodule;
				VALIDATE_PRODUCT = YES;
			};
			name = Release;
		};
		36F918852B10EA24000C3F36 /* Debug */ = {
			isa = XCBuildConfiguration;
			buildSettings = {
				ASSETCATALOG_COMPILER_APPICON_NAME = AppIcon;
				ASSETCATALOG_COMPILER_GLOBAL_ACCENT_COLOR_NAME = AccentColor;
				CODE_SIGN_ENTITLEMENTS = renderer/renderer.entitlements;
				CODE_SIGN_STYLE = Automatic;
				CURRENT_PROJECT_VERSION = 1;
				DEVELOPMENT_ASSET_PATHS = "\"renderer/Preview Content\"";
				DEVELOPMENT_TEAM = 8J36HRS7L3;
				ENABLE_PREVIEWS = YES;
				GCC_OPTIMIZATION_LEVEL = 0;
				GENERATE_INFOPLIST_FILE = YES;
				INFOPLIST_KEY_UIApplicationSceneManifest_Generation = YES;
				INFOPLIST_KEY_UIApplicationSupportsIndirectInputEvents = YES;
				INFOPLIST_KEY_UILaunchScreen_Generation = YES;
				INFOPLIST_KEY_UISupportedInterfaceOrientations_iPad = "UIInterfaceOrientationPortrait UIInterfaceOrientationPortraitUpsideDown UIInterfaceOrientationLandscapeLeft UIInterfaceOrientationLandscapeRight";
				INFOPLIST_KEY_UISupportedInterfaceOrientations_iPhone = "UIInterfaceOrientationPortrait UIInterfaceOrientationLandscapeLeft UIInterfaceOrientationLandscapeRight";
				LD_RUNPATH_SEARCH_PATHS = (
					"$(inherited)",
					"@executable_path/Frameworks",
				);
				MARKETING_VERSION = 1.0;
				PRODUCT_BUNDLE_IDENTIFIER = com.zhvrnkov.renderer;
				PRODUCT_NAME = "$(TARGET_NAME)";
				SUPPORTED_PLATFORMS = "iphoneos iphonesimulator";
				SUPPORTS_MACCATALYST = YES;
				SUPPORTS_MAC_DESIGNED_FOR_IPHONE_IPAD = NO;
				SWIFT_EMIT_LOC_STRINGS = YES;
				SWIFT_OPTIMIZATION_LEVEL = "-Onone";
				SWIFT_VERSION = 5.0;
				TARGETED_DEVICE_FAMILY = "1,2";
			};
			name = Debug;
		};
		36F918862B10EA24000C3F36 /* Release */ = {
			isa = XCBuildConfiguration;
			buildSettings = {
				ASSETCATALOG_COMPILER_APPICON_NAME = AppIcon;
				ASSETCATALOG_COMPILER_GLOBAL_ACCENT_COLOR_NAME = AccentColor;
				CODE_SIGN_ENTITLEMENTS = renderer/renderer.entitlements;
				CODE_SIGN_STYLE = Automatic;
				CURRENT_PROJECT_VERSION = 1;
				DEVELOPMENT_ASSET_PATHS = "\"renderer/Preview Content\"";
				DEVELOPMENT_TEAM = 8J36HRS7L3;
				ENABLE_PREVIEWS = YES;
				GCC_OPTIMIZATION_LEVEL = 0;
				GENERATE_INFOPLIST_FILE = YES;
				INFOPLIST_KEY_UIApplicationSceneManifest_Generation = YES;
				INFOPLIST_KEY_UIApplicationSupportsIndirectInputEvents = YES;
				INFOPLIST_KEY_UILaunchScreen_Generation = YES;
				INFOPLIST_KEY_UISupportedInterfaceOrientations_iPad = "UIInterfaceOrientationPortrait UIInterfaceOrientationPortraitUpsideDown UIInterfaceOrientationLandscapeLeft UIInterfaceOrientationLandscapeRight";
				INFOPLIST_KEY_UISupportedInterfaceOrientations_iPhone = "UIInterfaceOrientationPortrait UIInterfaceOrientationLandscapeLeft UIInterfaceOrientationLandscapeRight";
				LD_RUNPATH_SEARCH_PATHS = (
					"$(inherited)",
					"@executable_path/Frameworks",
				);
				MARKETING_VERSION = 1.0;
				PRODUCT_BUNDLE_IDENTIFIER = com.zhvrnkov.renderer;
				PRODUCT_NAME = "$(TARGET_NAME)";
				SUPPORTED_PLATFORMS = "iphoneos iphonesimulator";
				SUPPORTS_MACCATALYST = YES;
				SUPPORTS_MAC_DESIGNED_FOR_IPHONE_IPAD = NO;
				SWIFT_EMIT_LOC_STRINGS = YES;
				SWIFT_OPTIMIZATION_LEVEL = "-Onone";
				SWIFT_VERSION = 5.0;
				TARGETED_DEVICE_FAMILY = "1,2";
			};
			name = Release;
		};
/* End XCBuildConfiguration section */

/* Begin XCConfigurationList section */
		36F918712B10EA23000C3F36 /* Build configuration list for PBXProject "renderer" */ = {
			isa = XCConfigurationList;
			buildConfigurations = (
				36F918822B10EA24000C3F36 /* Debug */,
				36F918832B10EA24000C3F36 /* Release */,
			);
			defaultConfigurationIsVisible = 0;
			defaultConfigurationName = Release;
		};
		36F918842B10EA24000C3F36 /* Build configuration list for PBXNativeTarget "renderer" */ = {
			isa = XCConfigurationList;
			buildConfigurations = (
				36F918852B10EA24000C3F36 /* Debug */,
				36F918862B10EA24000C3F36 /* Release */,
			);
			defaultConfigurationIsVisible = 0;
			defaultConfigurationName = Release;
		};
/* End XCConfigurationList section */
	};
	rootObject = 36F9186E2B10EA23000C3F36 /* Project object */;
}
